# THIS IS AN AUTOGENERATED FILE. DO NOT EDIT THIS FILE DIRECTLY.
# yarn lockfile v1


"@babel/parser@^7.16.4", "@babel/parser@^7.18.4":
  "integrity" "sha512-gFDLKMfpiXCsjt4za2JA9oTMn70CeseCehb11kRZgvd7+F67Hih3OHOK24cRrWECJ/ljfPGac6ygXAs/C8kIvw=="
  "resolved" "https://registry.npmjs.org/@babel/parser/-/parser-7.20.13.tgz"
  "version" "7.20.13"

"@esbuild/darwin-x64@0.16.15":
  "integrity" "sha512-qqrKJxoohceZGGP+sZ5yXkzW9ZiyFZJ1gWSEfuYdOWzBSL18Uy3w7s/IvnDYHo++/cxwqM0ch3HQVReSZy7/4Q=="
  "resolved" "https://registry.npmjs.org/@esbuild/darwin-x64/-/darwin-x64-0.16.15.tgz"
  "version" "0.16.15"

"@nuxt/opencollective@^0.3.2":
  "integrity" "sha512-6IKCd+gP0HliixqZT/p8nW3tucD6Sv/u/eR2A9X4rxT/6hXlMzA4GZQzq4d2qnBAwSwGpmKyzkyTjNjrhaA25A=="
  "resolved" "https://registry.npmjs.org/@nuxt/opencollective/-/opencollective-0.3.3.tgz"
  "version" "0.3.3"
  dependencies:
    "chalk" "^4.1.0"
    "consola" "^2.15.0"
    "node-fetch" "^2.6.7"

"@popperjs/core@^2.11.6":
  "integrity" "sha512-50/17A98tWUfQ176raKiOGXuYpLyyVMkxxG6oylzL3BPOlA6ADGdK7EYunSa4I064xerltq9TGXs8HmOk5E+vw=="
  "resolved" "https://registry.npmjs.org/@popperjs/core/-/core-2.11.6.tgz"
  "version" "2.11.6"

"@vitejs/plugin-vue@^3.2.0":
  "integrity" "sha512-E0tnaL4fr+qkdCNxJ+Xd0yM31UwMkQje76fsDVBBUCoGOUPexu2VDUYHL8P4CwV+zMvWw6nlRw19OnRKmYAJpw=="
  "resolved" "https://registry.npmjs.org/@vitejs/plugin-vue/-/plugin-vue-3.2.0.tgz"
  "version" "3.2.0"

"@vue/compiler-core@3.2.45":
  "integrity" "sha512-rcMj7H+PYe5wBV3iYeUgbCglC+pbpN8hBLTJvRiK2eKQiWqu+fG9F+8sW99JdL4LQi7Re178UOxn09puSXvn4A=="
  "resolved" "https://registry.npmjs.org/@vue/compiler-core/-/compiler-core-3.2.45.tgz"
  "version" "3.2.45"
  dependencies:
    "@babel/parser" "^7.16.4"
    "@vue/shared" "3.2.45"
    "estree-walker" "^2.0.2"
    "source-map" "^0.6.1"

"@vue/compiler-dom@3.2.45":
  "integrity" "sha512-tyYeUEuKqqZO137WrZkpwfPCdiiIeXYCcJ8L4gWz9vqaxzIQRccTSwSWZ/Axx5YR2z+LvpUbmPNXxuBU45lyRw=="
  "resolved" "https://registry.npmjs.org/@vue/compiler-dom/-/compiler-dom-3.2.45.tgz"
  "version" "3.2.45"
  dependencies:
    "@vue/compiler-core" "3.2.45"
    "@vue/shared" "3.2.45"

"@vue/compiler-sfc@2.7.14":
  "integrity" "sha512-aNmNHyLPsw+sVvlQFQ2/8sjNuLtK54TC6cuKnVzAY93ks4ZBrvwQSnkkIh7bsbNhum5hJBS00wSDipQ937f5DA=="
  "resolved" "https://registry.npmjs.org/@vue/compiler-sfc/-/compiler-sfc-2.7.14.tgz"
  "version" "2.7.14"
  dependencies:
    "@babel/parser" "^7.18.4"
    "postcss" "^8.4.14"
    "source-map" "^0.6.1"

"@vue/compiler-sfc@3.2.45":
  "integrity" "sha512-1jXDuWah1ggsnSAOGsec8cFjT/K6TMZ0sPL3o3d84Ft2AYZi2jWJgRMjw4iaK0rBfA89L5gw427H4n1RZQBu6Q=="
  "resolved" "https://registry.npmjs.org/@vue/compiler-sfc/-/compiler-sfc-3.2.45.tgz"
  "version" "3.2.45"
  dependencies:
    "@babel/parser" "^7.16.4"
    "@vue/compiler-core" "3.2.45"
    "@vue/compiler-dom" "3.2.45"
    "@vue/compiler-ssr" "3.2.45"
    "@vue/reactivity-transform" "3.2.45"
    "@vue/shared" "3.2.45"
    "estree-walker" "^2.0.2"
    "magic-string" "^0.25.7"
    "postcss" "^8.1.10"
    "source-map" "^0.6.1"

"@vue/compiler-ssr@3.2.45":
  "integrity" "sha512-6BRaggEGqhWht3lt24CrIbQSRD5O07MTmd+LjAn5fJj568+R9eUD2F7wMQJjX859seSlrYog7sUtrZSd7feqrQ=="
  "resolved" "https://registry.npmjs.org/@vue/compiler-ssr/-/compiler-ssr-3.2.45.tgz"
  "version" "3.2.45"
  dependencies:
    "@vue/compiler-dom" "3.2.45"
    "@vue/shared" "3.2.45"

"@vue/devtools-api@^6.4.5":
  "integrity" "sha512-JD5fcdIuFxU4fQyXUu3w2KpAJHzTVdN+p4iOX2lMWSHMOoQdMAcpFLZzm9Z/2nmsoZ1a96QEhZ26e50xLBsgOQ=="
  "resolved" "https://registry.npmjs.org/@vue/devtools-api/-/devtools-api-6.4.5.tgz"
  "version" "6.4.5"

"@vue/reactivity-transform@3.2.45":
  "integrity" "sha512-BHVmzYAvM7vcU5WmuYqXpwaBHjsS8T63jlKGWVtHxAHIoMIlmaMyurUSEs1Zcg46M4AYT5MtB1U274/2aNzjJQ=="
  "resolved" "https://registry.npmjs.org/@vue/reactivity-transform/-/reactivity-transform-3.2.45.tgz"
  "version" "3.2.45"
  dependencies:
    "@babel/parser" "^7.16.4"
    "@vue/compiler-core" "3.2.45"
    "@vue/shared" "3.2.45"
    "estree-walker" "^2.0.2"
    "magic-string" "^0.25.7"

"@vue/reactivity@3.2.45":
  "integrity" "sha512-PRvhCcQcyEVohW0P8iQ7HDcIOXRjZfAsOds3N99X/Dzewy8TVhTCT4uXpAHfoKjVTJRA0O0K+6QNkDIZAxNi3A=="
  "resolved" "https://registry.npmjs.org/@vue/reactivity/-/reactivity-3.2.45.tgz"
  "version" "3.2.45"
  dependencies:
    "@vue/shared" "3.2.45"

"@vue/runtime-core@3.2.45":
  "integrity" "sha512-gzJiTA3f74cgARptqzYswmoQx0fIA+gGYBfokYVhF8YSXjWTUA2SngRzZRku2HbGbjzB6LBYSbKGIaK8IW+s0A=="
  "resolved" "https://registry.npmjs.org/@vue/runtime-core/-/runtime-core-3.2.45.tgz"
  "version" "3.2.45"
  dependencies:
    "@vue/reactivity" "3.2.45"
    "@vue/shared" "3.2.45"

"@vue/runtime-dom@3.2.45":
  "integrity" "sha512-cy88YpfP5Ue2bDBbj75Cb4bIEZUMM/mAkDMfqDTpUYVgTf/kuQ2VQ8LebuZ8k6EudgH8pYhsGWHlY0lcxlvTwA=="
  "resolved" "https://registry.npmjs.org/@vue/runtime-dom/-/runtime-dom-3.2.45.tgz"
  "version" "3.2.45"
  dependencies:
    "@vue/runtime-core" "3.2.45"
    "@vue/shared" "3.2.45"
    "csstype" "^2.6.8"

"@vue/server-renderer@3.2.45":
  "integrity" "sha512-ebiMq7q24WBU1D6uhPK//2OTR1iRIyxjF5iVq/1a5I1SDMDyDu4Ts6fJaMnjrvD3MqnaiFkKQj+LKAgz5WIK3g=="
  "resolved" "https://registry.npmjs.org/@vue/server-renderer/-/server-renderer-3.2.45.tgz"
  "version" "3.2.45"
  dependencies:
    "@vue/compiler-ssr" "3.2.45"
    "@vue/shared" "3.2.45"

"@vue/shared@3.2.45":
  "integrity" "sha512-Ewzq5Yhimg7pSztDV+RH1UDKBzmtqieXQlpTVm2AwraoRL/Rks96mvd8Vgi7Lj+h+TH8dv7mXD3FRZR3TUvbSg=="
  "resolved" "https://registry.npmjs.org/@vue/shared/-/shared-3.2.45.tgz"
  "version" "3.2.45"

"ansi-styles@^4.1.0":
  "integrity" "sha512-zbB9rCJAT1rbjiVDb2hqKFHNYLxgtk8NURxZ3IZwD3F6NtxbXZQCnnSi1Lkx+IDohdPlFp222wVALIheZJQSEg=="
  "resolved" "https://registry.npmjs.org/ansi-styles/-/ansi-styles-4.3.0.tgz"
  "version" "4.3.0"
  dependencies:
    "color-convert" "^2.0.1"

"anymatch@~3.1.2":
  "integrity" "sha512-KMReFUr0B4t+D+OBkjR3KYqvocp2XaSzO55UcB6mgQMd3KbcE+mWTyvVV7D/zsdEbNnV6acZUutkiHQXvTr1Rw=="
  "resolved" "https://registry.npmjs.org/anymatch/-/anymatch-3.1.3.tgz"
  "version" "3.1.3"
  dependencies:
    "normalize-path" "^3.0.0"
    "picomatch" "^2.0.4"

"asynckit@^0.4.0":
  "integrity" "sha512-Oei9OH4tRh0YqU3GxhX79dM/mwVgvbZJaSNaRk+bshkj0S5cfHcgYakreBjrHwatXKbz+IoIdYLxrKim2MjW0Q=="
  "resolved" "https://registry.npmjs.org/asynckit/-/asynckit-0.4.0.tgz"
  "version" "0.4.0"

"axios@^1.1.2":
  "integrity" "sha512-bz/J4gS2S3I7mpN/YZfGFTqhXTYzRho8Ay38w2otuuDR322KzFIWm/4W2K6gIwvWaws5n+mnb7D1lN9uD+QH6Q=="
  "resolved" "https://registry.npmjs.org/axios/-/axios-1.2.2.tgz"
  "version" "1.2.2"
  dependencies:
    "follow-redirects" "^1.15.0"
    "form-data" "^4.0.0"
    "proxy-from-env" "^1.1.0"

"binary-extensions@^2.0.0":
  "integrity" "sha512-jDctJ/IVQbZoJykoeHbhXpOlNBqGNcwXJKJog42E5HDPUwQTSdjCHdihjj0DlnheQ7blbT6dHOafNAiS8ooQKA=="
  "resolved" "https://registry.npmjs.org/binary-extensions/-/binary-extensions-2.2.0.tgz"
  "version" "2.2.0"

"bootstrap-vue@^2.23.1":
  "integrity" "sha512-SEWkG4LzmMuWjQdSYmAQk1G/oOKm37dtNfjB5kxq0YafnL2W6qUAmeDTcIZVbPiQd2OQlIkWOMPBRGySk/zGsg=="
  "resolved" "https://registry.npmjs.org/bootstrap-vue/-/bootstrap-vue-2.23.1.tgz"
  "version" "2.23.1"
  dependencies:
    "@nuxt/opencollective" "^0.3.2"
    "bootstrap" "^4.6.1"
    "popper.js" "^1.16.1"
    "portal-vue" "^2.1.7"
    "vue-functional-data-merge" "^3.1.0"

"bootstrap@^4.6.1":
  "integrity" "sha512-51Bbp/Uxr9aTuy6ca/8FbFloBUJZLHwnhTcnjIeRn2suQWsWzcuJhGjKDB5eppVte/8oCdOL3VuwxvZDUggwGQ=="
  "resolved" "https://registry.npmjs.org/bootstrap/-/bootstrap-4.6.2.tgz"
  "version" "4.6.2"

"bootstrap@^5.2.3":
  "integrity" "sha512-cEKPM+fwb3cT8NzQZYEu4HilJ3anCrWqh3CHAok1p9jXqMPsPTBhU25fBckEJHJ/p+tTxTFTsFQGM+gaHpi3QQ=="
  "resolved" "https://registry.npmjs.org/bootstrap/-/bootstrap-5.2.3.tgz"
  "version" "5.2.3"

"braces@~3.0.2":
  "integrity" "sha512-b8um+L1RzM3WDSzvhm6gIz1yfTbBt6YTlcEKAvsmqCZZFw46z626lVj9j1yEPW33H5H+lBQpZMP1k8l+78Ha0A=="
  "resolved" "https://registry.npmjs.org/braces/-/braces-3.0.2.tgz"
  "version" "3.0.2"
  dependencies:
    "fill-range" "^7.0.1"

"chalk@^4.1.0":
  "integrity" "sha512-oKnbhFyRIXpUuez8iBMmyEa4nbj4IOQyuhc/wy9kY7/WVPcwIO9VA668Pu8RkO7+0G76SLROeyw9CpQ061i4mA=="
  "resolved" "https://registry.npmjs.org/chalk/-/chalk-4.1.2.tgz"
  "version" "4.1.2"
  dependencies:
    "ansi-styles" "^4.1.0"
    "supports-color" "^7.1.0"

"chokidar@>=3.0.0 <4.0.0":
  "integrity" "sha512-Dr3sfKRP6oTcjf2JmUmFJfeVMvXBdegxB0iVQ5eb2V10uFJUCAS8OByZdVAyVb8xXNz3GjjTgj9kLWsZTqE6kw=="
  "resolved" "https://registry.npmjs.org/chokidar/-/chokidar-3.5.3.tgz"
  "version" "3.5.3"
  dependencies:
    "anymatch" "~3.1.2"
    "braces" "~3.0.2"
    "glob-parent" "~5.1.2"
    "is-binary-path" "~2.1.0"
    "is-glob" "~4.0.1"
    "normalize-path" "~3.0.0"
    "readdirp" "~3.6.0"
  optionalDependencies:
    "fsevents" "~2.3.2"

"color-convert@^2.0.1":
  "integrity" "sha512-RRECPsj7iu/xb5oKYcsFHSppFNnsj/52OVTRKb4zP5onXwVF3zVmmToNcOfGC+CRDpfK/U584fMg38ZHCaElKQ=="
  "resolved" "https://registry.npmjs.org/color-convert/-/color-convert-2.0.1.tgz"
  "version" "2.0.1"
  dependencies:
    "color-name" "~1.1.4"

"color-name@~1.1.4":
  "integrity" "sha512-dOy+3AuW3a2wNbZHIuMZpTcgjGuLU/uBL/ubcZF9OXbDo8ff4O8yVp5Bf0efS8uEoYo5q4Fx7dY9OgQGXgAsQA=="
  "resolved" "https://registry.npmjs.org/color-name/-/color-name-1.1.4.tgz"
  "version" "1.1.4"

"combined-stream@^1.0.8":
  "integrity" "sha512-FQN4MRfuJeHf7cBbBMJFXhKSDq+2kAArBlmRBvcvFE5BB1HZKXtSFASDhdlz9zOYwxh8lDdnvmMOe/+5cdoEdg=="
  "resolved" "https://registry.npmjs.org/combined-stream/-/combined-stream-1.0.8.tgz"
  "version" "1.0.8"
  dependencies:
    "delayed-stream" "~1.0.0"

"consola@^2.15.0":
  "integrity" "sha512-9vAdYbHj6x2fLKC4+oPH0kFzY/orMZyG2Aj+kNylHxKGJ/Ed4dpNyAQYwJOdqO4zdM7XpVHmyejQDcQHrnuXbw=="
  "resolved" "https://registry.npmjs.org/consola/-/consola-2.15.3.tgz"
  "version" "2.15.3"

"csstype@^2.6.8":
  "integrity" "sha512-Z1PhmomIfypOpoMjRQB70jfvy/wxT50qW08YXO5lMIJkrdq4yOTR+AW7FqutScmB9NkLwxo+jU+kZLbofZZq/w=="
  "resolved" "https://registry.npmjs.org/csstype/-/csstype-2.6.21.tgz"
  "version" "2.6.21"

"csstype@^3.1.0":
  "integrity" "sha512-DJR/VvkAvSZW9bTouZue2sSxDwdTN92uHjqeKVm+0dAqdfNykRzQ95tay8aXMBAAPpUiq4Qcug2L7neoRh2Egw=="
  "resolved" "https://registry.npmjs.org/csstype/-/csstype-3.1.1.tgz"
  "version" "3.1.1"

"delayed-stream@~1.0.0":
  "integrity" "sha512-ZySD7Nf91aLB0RxL4KGrKHBXl7Eds1DAmEdcoVawXnLD7SDhpNgtuII2aAkg7a7QS41jxPSZ17p4VdGnMHk3MQ=="
  "resolved" "https://registry.npmjs.org/delayed-stream/-/delayed-stream-1.0.0.tgz"
  "version" "1.0.0"

"esbuild@^0.16.3":
  "integrity" "sha512-v+3ozjy9wyj8cOElzx3//Lsb4TCxPfZxRmdsfm0YaEkvZu7y6rKH7Zi1UpDx4JI7dSQui+U1Qxhfij9KBbHfrA=="
  "resolved" "https://registry.npmjs.org/esbuild/-/esbuild-0.16.15.tgz"
  "version" "0.16.15"
  optionalDependencies:
    "@esbuild/android-arm" "0.16.15"
    "@esbuild/android-arm64" "0.16.15"
    "@esbuild/android-x64" "0.16.15"
    "@esbuild/darwin-arm64" "0.16.15"
    "@esbuild/darwin-x64" "0.16.15"
    "@esbuild/freebsd-arm64" "0.16.15"
    "@esbuild/freebsd-x64" "0.16.15"
    "@esbuild/linux-arm" "0.16.15"
    "@esbuild/linux-arm64" "0.16.15"
    "@esbuild/linux-ia32" "0.16.15"
    "@esbuild/linux-loong64" "0.16.15"
    "@esbuild/linux-mips64el" "0.16.15"
    "@esbuild/linux-ppc64" "0.16.15"
    "@esbuild/linux-riscv64" "0.16.15"
    "@esbuild/linux-s390x" "0.16.15"
    "@esbuild/linux-x64" "0.16.15"
    "@esbuild/netbsd-x64" "0.16.15"
    "@esbuild/openbsd-x64" "0.16.15"
    "@esbuild/sunos-x64" "0.16.15"
    "@esbuild/win32-arm64" "0.16.15"
    "@esbuild/win32-ia32" "0.16.15"
    "@esbuild/win32-x64" "0.16.15"

"estree-walker@^2.0.2":
  "integrity" "sha512-Rfkk/Mp/DL7JVje3u18FxFujQlTNR2q6QfMSMB7AvCBx91NGj/ba3kCfza0f6dVDbw7YlRf/nDrn7pQrCCyQ/w=="
  "resolved" "https://registry.npmjs.org/estree-walker/-/estree-walker-2.0.2.tgz"
  "version" "2.0.2"

"fill-range@^7.0.1":
  "integrity" "sha512-qOo9F+dMUmC2Lcb4BbVvnKJxTPjCm+RRpe4gDuGrzkL7mEVl/djYSu2OdQ2Pa302N4oqkSg9ir6jaLWJ2USVpQ=="
  "resolved" "https://registry.npmjs.org/fill-range/-/fill-range-7.0.1.tgz"
  "version" "7.0.1"
  dependencies:
    "to-regex-range" "^5.0.1"

"follow-redirects@^1.15.0":
  "integrity" "sha512-VQLG33o04KaQ8uYi2tVNbdrWp1QWxNNea+nmIB4EVM28v0hmP17z7aG1+wAkNzVq4KeXTq3221ye5qTJP91JwA=="
  "resolved" "https://registry.npmjs.org/follow-redirects/-/follow-redirects-1.15.2.tgz"
  "version" "1.15.2"

"form-data@^4.0.0":
  "integrity" "sha512-ETEklSGi5t0QMZuiXoA/Q6vcnxcLQP5vdugSpuAyi6SVGi2clPPp+xgEhuMaHC+zGgn31Kd235W35f7Hykkaww=="
  "resolved" "https://registry.npmjs.org/form-data/-/form-data-4.0.0.tgz"
  "version" "4.0.0"
  dependencies:
    "asynckit" "^0.4.0"
    "combined-stream" "^1.0.8"
    "mime-types" "^2.1.12"

"fsevents@~2.3.2":
  "integrity" "sha512-xiqMQR4xAeHTuB9uWm+fFRcIOgKBMiOBP+eXiyT7jsgVCq1bkVygt00oASowB7EdtpOHaaPgKt812P9ab+DDKA=="
  "resolved" "https://registry.npmjs.org/fsevents/-/fsevents-2.3.2.tgz"
  "version" "2.3.2"

"function-bind@^1.1.1":
  "integrity" "sha512-yIovAzMX49sF8Yl58fSCWJ5svSLuaibPxXQJFLmBObTuCr0Mf1KiPopGM9NiFjiYBCbfaa2Fh6breQ6ANVTI0A=="
  "resolved" "https://registry.npmjs.org/function-bind/-/function-bind-1.1.1.tgz"
  "version" "1.1.1"

"glob-parent@~5.1.2":
  "integrity" "sha512-AOIgSQCepiJYwP3ARnGx+5VnTu2HBYdzbGP45eLw1vr3zB3vZLeyed1sC9hnbcOc9/SrMyM5RPQrkGz4aS9Zow=="
  "resolved" "https://registry.npmjs.org/glob-parent/-/glob-parent-5.1.2.tgz"
  "version" "5.1.2"
  dependencies:
    "is-glob" "^4.0.1"

"has-flag@^4.0.0":
  "integrity" "sha512-EykJT/Q1KjTWctppgIAgfSO0tKVuZUjhgMr17kqTumMl6Afv3EISleU7qZUzoXDFTAHTDC4NOoG/ZxU3EvlMPQ=="
  "resolved" "https://registry.npmjs.org/has-flag/-/has-flag-4.0.0.tgz"
  "version" "4.0.0"

"has@^1.0.3":
  "integrity" "sha512-f2dvO0VU6Oej7RkWJGrehjbzMAjFp5/VKPp5tTpWIV4JHHZK1/BxbFRtf/siA2SWTe09caDmVtYYzWEIbBS4zw=="
  "resolved" "https://registry.npmjs.org/has/-/has-1.0.3.tgz"
  "version" "1.0.3"
  dependencies:
    "function-bind" "^1.1.1"

"immutable@^4.0.0":
  "integrity" "sha512-fTMKDwtbvO5tldky9QZ2fMX7slR0mYpY5nbnFWYp0fOzDhHqhgIw9KoYgxLWsoNTS9ZHGauHj18DTyEw6BK3Og=="
  "resolved" "https://registry.npmjs.org/immutable/-/immutable-4.2.2.tgz"
  "version" "4.2.2"

"is-binary-path@~2.1.0":
  "integrity" "sha512-ZMERYes6pDydyuGidse7OsHxtbI7WVeUEozgR/g7rd0xUimYNlvZRE/K2MgZTjWy725IfelLeVcEM97mmtRGXw=="
  "resolved" "https://registry.npmjs.org/is-binary-path/-/is-binary-path-2.1.0.tgz"
  "version" "2.1.0"
  dependencies:
    "binary-extensions" "^2.0.0"

"is-core-module@^2.9.0":
  "integrity" "sha512-RRjxlvLDkD1YJwDbroBHMb+cukurkDWNyHx7D3oNB5x9rb5ogcksMC5wHCadcXoo67gVr/+3GFySh3134zi6rw=="
  "resolved" "https://registry.npmjs.org/is-core-module/-/is-core-module-2.11.0.tgz"
  "version" "2.11.0"
  dependencies:
    "has" "^1.0.3"

"is-extglob@^2.1.1":
  "integrity" "sha512-SbKbANkN603Vi4jEZv49LeVJMn4yGwsbzZworEoyEiutsN3nJYdbO36zfhGJ6QEDpOZIFkDtnq5JRxmvl3jsoQ=="
  "resolved" "https://registry.npmjs.org/is-extglob/-/is-extglob-2.1.1.tgz"
  "version" "2.1.1"

"is-glob@^4.0.1", "is-glob@~4.0.1":
  "integrity" "sha512-xelSayHH36ZgE7ZWhli7pW34hNbNl8Ojv5KVmkJD4hBdD3th8Tfk9vYasLM+mXWOZhFkgZfxhLSnrwRr4elSSg=="
  "resolved" "https://registry.npmjs.org/is-glob/-/is-glob-4.0.3.tgz"
  "version" "4.0.3"
  dependencies:
    "is-extglob" "^2.1.1"

"is-number@^7.0.0":
  "integrity" "sha512-41Cifkg6e8TylSpdtTpeLVMqvSBEVzTttHvERD741+pnZ8ANv0004MRL43QKPDlK9cGvNp6NZWZUBlbGXYxxng=="
  "resolved" "https://registry.npmjs.org/is-number/-/is-number-7.0.0.tgz"
  "version" "7.0.0"

"jquery@1.9.1 - 3":
  "integrity" "sha512-bZ5Sy3YzKo9Fyc8wH2iIQK4JImJ6R0GWI9kL1/k7Z91ZBNgkRXE6U0JfHIizZbort8ZunhSI3jw9I6253ahKfg=="
  "resolved" "https://registry.npmjs.org/jquery/-/jquery-3.6.3.tgz"
  "version" "3.6.3"

"laravel-vite-plugin@^0.7.2":
  "integrity" "sha512-N6hH/JFA98oW1I0OZ2Gx1HF3/QzkBpUIkxqfKqxENQNLWLFx4+CWB7cxP+i4sGXp9LQUlLbH5Lq/eZoXtLAq8w=="
  "resolved" "https://registry.npmjs.org/laravel-vite-plugin/-/laravel-vite-plugin-0.7.3.tgz"
  "version" "0.7.3"
  dependencies:
    "picocolors" "^1.0.0"
    "vite-plugin-full-reload" "^1.0.5"

"lodash@^4.17.19":
  "integrity" "sha512-v2kDEe57lecTulaDIuNTPy3Ry4gLGJ6Z1O3vE1krgXZNrsQ+LFTGHVxVjcXPs17LhbZVGedAJv8XZ1tvj5FvSg=="
  "resolved" "https://registry.npmjs.org/lodash/-/lodash-4.17.21.tgz"
  "version" "4.17.21"

"magic-string@^0.25.7":
  "integrity" "sha512-RmF0AsMzgt25qzqqLc1+MbHmhdx0ojF2Fvs4XnOqz2ZOBXzzkEwc/dJQZCYHAn7v1jbVOjAZfK8msRn4BxO4VQ=="
  "resolved" "https://registry.npmjs.org/magic-string/-/magic-string-0.25.9.tgz"
  "version" "0.25.9"
  dependencies:
    "sourcemap-codec" "^1.4.8"

"mime-db@1.52.0":
  "integrity" "sha512-sPU4uV7dYlvtWJxwwxHD0PuihVNiE7TyAbQ5SWxDCB9mUYvOgroQOwYQQOKPJ8CIbE+1ETVlOoK1UC2nU3gYvg=="
  "resolved" "https://registry.npmjs.org/mime-db/-/mime-db-1.52.0.tgz"
  "version" "1.52.0"

"mime-types@^2.1.12":
  "integrity" "sha512-ZDY+bPm5zTTF+YpCrAU9nK0UgICYPT0QtT1NZWFv4s++TNkcgVaT0g6+4R2uI4MjQjzysHB1zxuWL50hzaeXiw=="
  "resolved" "https://registry.npmjs.org/mime-types/-/mime-types-2.1.35.tgz"
  "version" "2.1.35"
  dependencies:
    "mime-db" "1.52.0"

"nanoid@^3.3.4":
  "integrity" "sha512-MqBkQh/OHTS2egovRtLk45wEyNXwF+cokD+1YPf9u5VfJiRdAiRwB2froX5Co9Rh20xs4siNPm8naNotSD6RBw=="
  "resolved" "https://registry.npmjs.org/nanoid/-/nanoid-3.3.4.tgz"
  "version" "3.3.4"

"node-fetch@^2.6.7":
  "integrity" "sha512-RZ6dBYuj8dRSfxpUSu+NsdF1dpPpluJxwOp+6IoDp/sH2QNDSvurYsAa+F1WxY2RjA1iP93xhcsUoYbF2XBqVg=="
  "resolved" "https://registry.npmjs.org/node-fetch/-/node-fetch-2.6.8.tgz"
  "version" "2.6.8"
  dependencies:
    "whatwg-url" "^5.0.0"

"normalize-path@^3.0.0", "normalize-path@~3.0.0":
  "integrity" "sha512-6eZs5Ls3WtCisHWp9S2GUy8dqkpGi4BVSz3GaqiE6ezub0512ESztXUwUB6C6IKbQkY2Pnb/mD4WYojCRwcwLA=="
  "resolved" "https://registry.npmjs.org/normalize-path/-/normalize-path-3.0.0.tgz"
  "version" "3.0.0"

"path-parse@^1.0.7":
  "integrity" "sha512-LDJzPVEEEPR+y48z93A0Ed0yXb8pAByGWo/k5YYdYgpY2/2EsOsksJrq7lOHxryrVOn1ejG6oAp8ahvOIQD8sw=="
  "resolved" "https://registry.npmjs.org/path-parse/-/path-parse-1.0.7.tgz"
  "version" "1.0.7"

"picocolors@^1.0.0":
  "integrity" "sha512-1fygroTLlHu66zi26VoTDv8yRgm0Fccecssto+MhsZ0D/DGW2sm8E8AjW7NU5VVTRt5GxbeZ5qBuJr+HyLYkjQ=="
  "resolved" "https://registry.npmjs.org/picocolors/-/picocolors-1.0.0.tgz"
  "version" "1.0.0"

"picomatch@^2.0.4", "picomatch@^2.2.1", "picomatch@^2.3.1":
  "integrity" "sha512-JU3teHTNjmE2VCGFzuY8EXzCDVwEqB2a8fsIvwaStHhAWJEeVd1o1QD80CU6+ZdEXXSLbSsuLwJjkCBWqRQUVA=="
  "resolved" "https://registry.npmjs.org/picomatch/-/picomatch-2.3.1.tgz"
  "version" "2.3.1"

"popper.js@^1.16.1":
  "integrity" "sha512-Wb4p1J4zyFTbM+u6WuO4XstYx4Ky9Cewe4DWrel7B0w6VVICvPwdOpotjzcf6eD8TsckVnIMNONQyPIUFOUbCQ=="
  "resolved" "https://registry.npmjs.org/popper.js/-/popper.js-1.16.1.tgz"
  "version" "1.16.1"

"portal-vue@^2.1.7":
  "integrity" "sha512-+yCno2oB3xA7irTt0EU5Ezw22L2J51uKAacE/6hMPMoO/mx3h4rXFkkBkT4GFsMDv/vEe8TNKC3ujJJ0PTwb6g=="
  "resolved" "https://registry.npmjs.org/portal-vue/-/portal-vue-2.1.7.tgz"
  "version" "2.1.7"

"postcss@^8.1.10", "postcss@^8.1.14", "postcss@^8.4.14", "postcss@^8.4.20":
  "integrity" "sha512-tP7u/Sn/dVxK2NnruI4H9BG+x+Wxz6oeZ1cJ8P6G/PZY0IKk4k/63TDsQf2kQq3+qoJeLm2kIBUNlZe3zgb4Zg=="
  "resolved" "https://registry.npmjs.org/postcss/-/postcss-8.4.21.tgz"
  "version" "8.4.21"
  dependencies:
    "nanoid" "^3.3.4"
    "picocolors" "^1.0.0"
    "source-map-js" "^1.0.2"

"proxy-from-env@^1.1.0":
  "integrity" "sha512-D+zkORCbA9f1tdWRK0RaCR3GPv50cMxcrz4X8k5LTSUD1Dkw47mKJEZQNunItRTkWwgtaUSo1RVFRIG9ZXiFYg=="
  "resolved" "https://registry.npmjs.org/proxy-from-env/-/proxy-from-env-1.1.0.tgz"
  "version" "1.1.0"

"readdirp@~3.6.0":
  "integrity" "sha512-hOS089on8RduqdbhvQ5Z37A0ESjsqz6qnRcffsMU3495FuTdqSm+7bhJ29JvIOsBDEEnan5DPu9t3To9VRlMzA=="
  "resolved" "https://registry.npmjs.org/readdirp/-/readdirp-3.6.0.tgz"
  "version" "3.6.0"
  dependencies:
    "picomatch" "^2.2.1"

"resolve@^1.22.1":
  "integrity" "sha512-nBpuuYuY5jFsli/JIs1oldw6fOQCBioohqWZg/2hiaOybXOft4lonv85uDOKXdf8rhyK159cxU5cDcK/NKk8zw=="
  "resolved" "https://registry.npmjs.org/resolve/-/resolve-1.22.1.tgz"
  "version" "1.22.1"
  dependencies:
    "is-core-module" "^2.9.0"
    "path-parse" "^1.0.7"
    "supports-preserve-symlinks-flag" "^1.0.0"

"rollup@^3.7.0":
  "integrity" "sha512-GswCYHXftN8ZKGVgQhTFUJB/NBXxrRGgO2NCy6E8s1rwEJ4Q9/VttNqcYfEvx4dTo4j58YqdC3OVztPzlKSX8w=="
  "resolved" "https://registry.npmjs.org/rollup/-/rollup-3.9.1.tgz"
  "version" "3.9.1"
  optionalDependencies:
    "fsevents" "~2.3.2"

"sass@*", "sass@^1.56.1":
  "integrity" "sha512-O2+LwLS79op7GI0xZ8fqzF7X2m/m8WFfI02dHOdsK5R2ECeS5F62zrwg/relM1rjSLy7Vd/DiMNIvPrQGsA0jw=="
  "resolved" "https://registry.npmjs.org/sass/-/sass-1.57.1.tgz"
  "version" "1.57.1"
  dependencies:
    "chokidar" ">=3.0.0 <4.0.0"
    "immutable" "^4.0.0"
    "source-map-js" ">=0.6.2 <2.0.0"

"source-map-js@^1.0.2", "source-map-js@>=0.6.2 <2.0.0":
  "integrity" "sha512-R0XvVJ9WusLiqTCEiGCmICCMplcCkIwwR11mOSD9CR5u+IXYdiseeEuXCVAjS54zqwkLcPNnmU4OeJ6tUrWhDw=="
  "resolved" "https://registry.npmjs.org/source-map-js/-/source-map-js-1.0.2.tgz"
  "version" "1.0.2"

"source-map@^0.6.1":
  "integrity" "sha512-UjgapumWlbMhkBgzT7Ykc5YXUT46F0iKu8SGXq0bcwP5dz/h0Plj6enJqjz1Zbq2l5WaqYnrVbwWOWMyF3F47g=="
  "resolved" "https://registry.npmjs.org/source-map/-/source-map-0.6.1.tgz"
  "version" "0.6.1"

"sourcemap-codec@^1.4.8":
  "integrity" "sha512-9NykojV5Uih4lgo5So5dtw+f0JgJX30KCNI8gwhz2J9A15wD0Ml6tjHKwf6fTSa6fAdVBdZeNOs9eJ71qCk8vA=="
  "resolved" "https://registry.npmjs.org/sourcemap-codec/-/sourcemap-codec-1.4.8.tgz"
  "version" "1.4.8"

"supports-color@^7.1.0":
  "integrity" "sha512-qpCAvRl9stuOHveKsn7HncJRvv501qIacKzQlO/+Lwxc9+0q2wLyv4Dfvt80/DPn2pqOBsJdDiogXGR9+OvwRw=="
  "resolved" "https://registry.npmjs.org/supports-color/-/supports-color-7.2.0.tgz"
  "version" "7.2.0"
  dependencies:
    "has-flag" "^4.0.0"

"supports-preserve-symlinks-flag@^1.0.0":
  "integrity" "sha512-ot0WnXS9fgdkgIcePe6RHNk1WA8+muPa6cSjeR3V8K27q9BB1rTE3R1p7Hv0z1ZyAc8s6Vvv8DIyWf681MAt0w=="
  "resolved" "https://registry.npmjs.org/supports-preserve-symlinks-flag/-/supports-preserve-symlinks-flag-1.0.0.tgz"
  "version" "1.0.0"

"to-regex-range@^5.0.1":
  "integrity" "sha512-65P7iz6X5yEr1cwcgvQxbbIw7Uk3gOy5dIdtZ4rDveLqhrdJP+Li/Hx6tyK0NEb+2GCyneCMJiGqrADCSNk8sQ=="
  "resolved" "https://registry.npmjs.org/to-regex-range/-/to-regex-range-5.0.1.tgz"
  "version" "5.0.1"
  dependencies:
    "is-number" "^7.0.0"

"tr46@~0.0.3":
  "integrity" "sha512-N3WMsuqV66lT30CrXNbEjx4GEwlow3v6rr4mCcv6prnfwhS01rkgyFdjPNBYd9br7LpXV1+Emh01fHnq2Gdgrw=="
  "resolved" "https://registry.npmjs.org/tr46/-/tr46-0.0.3.tgz"
  "version" "0.0.3"

"vite-plugin-full-reload@^1.0.5":
  "integrity" "sha512-kVZFDFWr0DxiHn6MuDVTQf7gnWIdETGlZh0hvTiMXzRN80vgF4PKbONSq8U1d0WtHsKaFODTQgJeakLacoPZEQ=="
  "resolved" "https://registry.npmjs.org/vite-plugin-full-reload/-/vite-plugin-full-reload-1.0.5.tgz"
  "version" "1.0.5"
  dependencies:
    "picocolors" "^1.0.0"
    "picomatch" "^2.3.1"

"vite@^2 || ^3 || ^4", "vite@^3.0.0", "vite@^3.0.0 || ^4.0.0", "vite@^4.0.0":
  "integrity" "sha512-xevPU7M8FU0i/80DMR+YhgrzR5KS2ORy1B4xcX/cXLsvnUWvfHuqMmVU6N0YiJ4JWGRJJsLCgjEzKjG9/GKoSw=="
  "resolved" "https://registry.npmjs.org/vite/-/vite-4.0.4.tgz"
  "version" "4.0.4"
  dependencies:
    "esbuild" "^0.16.3"
    "postcss" "^8.4.20"
    "resolve" "^1.22.1"
    "rollup" "^3.7.0"
  optionalDependencies:
    "fsevents" "~2.3.2"

"vue-functional-data-merge@^3.1.0":
  "integrity" "sha512-leT4kdJVQyeZNY1kmnS1xiUlQ9z1B/kdBFCILIjYYQDqZgLqCLa0UhjSSeRX6c3mUe6U5qYeM8LrEqkHJ1B4LA=="
  "resolved" "https://registry.npmjs.org/vue-functional-data-merge/-/vue-functional-data-merge-3.1.0.tgz"
  "version" "3.1.0"

"vue-router@^4.1.6":
  "integrity" "sha512-DYWYwsG6xNPmLq/FmZn8Ip+qrhFEzA14EI12MsMgVxvHFDYvlr4NXpVF5hrRH1wVcDP8fGi5F4rxuJSl8/r+EQ=="
  "resolved" "https://registry.npmjs.org/vue-router/-/vue-router-4.1.6.tgz"
  "version" "4.1.6"
  dependencies:
    "@vue/devtools-api" "^6.4.5"

"vue@^2.5.18":
  "integrity" "sha512-b2qkFyOM0kwqWFuQmgd4o+uHGU7T+2z3T+WQp8UBjADfEv2n4FEMffzBmCKNP0IGzOEEfYjvtcC62xaSKeQDrQ=="
  "resolved" "https://registry.npmjs.org/vue/-/vue-2.7.14.tgz"
  "version" "2.7.14"
  dependencies:
    "@vue/compiler-sfc" "2.7.14"
    "csstype" "^3.1.0"

"vue@^2.6.4", "vue@^3.2.0", "vue@^3.2.25", "vue@^3.2.45", "vue@3.2.45":
  "integrity" "sha512-9Nx/Mg2b2xWlXykmCwiTUCWHbWIj53bnkizBxKai1g61f2Xit700A1ljowpTIM11e3uipOeiPcSqnmBg6gyiaA=="
  "resolved" "https://registry.npmjs.org/vue/-/vue-3.2.45.tgz"
  "version" "3.2.45"
  dependencies:
    "@vue/compiler-dom" "3.2.45"
    "@vue/compiler-sfc" "3.2.45"
    "@vue/runtime-dom" "3.2.45"
    "@vue/server-renderer" "3.2.45"
    "@vue/shared" "3.2.45"

"vuetify@^2.6.14":
  "integrity" "sha512-nr6wU3uTzhhEPssH23cW0Ee/hCrayp7cjl3nNjM2OmNwiJlV91tZiL1VO3597SqZyjh1xIa+m9J2rpKTSdIlrA=="
  "resolved" "https://registry.npmjs.org/vuetify/-/vuetify-2.6.14.tgz"
  "version" "2.6.14"

"webidl-conversions@^3.0.0":
  "integrity" "sha512-2JAn3z8AR6rjK8Sm8orRC0h/bcl/DqL7tRPdGZ4I1CjdF+EaMLmYxBHyXuKL849eucPFhvBoxMsflfOb8kxaeQ=="
  "resolved" "https://registry.npmjs.org/webidl-conversions/-/webidl-conversions-3.0.1.tgz"
  "version" "3.0.1"

"whatwg-url@^5.0.0":
  "integrity" "sha512-saE57nupxk6v3HY35+jzBwYa0rKSy0XR8JSxZPwgLr7ys0IBzhGviA1/TUGJLmSVqs8pb9AnvICXEuOHLprYTw=="
  "resolved" "https://registry.npmjs.org/whatwg-url/-/whatwg-url-5.0.0.tgz"
  "version" "5.0.0"
  dependencies:
    "tr46" "~0.0.3"
    "webidl-conversions" "^3.0.0"
